
Microsoft Visual Studio Solution File, Format Version 12.00
# Visual Studio Version 16
VisualStudioVersion = 16.0.31702.278
MinimumVisualStudioVersion = 10.0.40219.1
Project("{FAE04EC0-301F-11D3-BF4B-00C04F79EFBC}") = "Bai2Alogithms", "Bai2Alogithms\Bai2Alogithms.csproj", "{B7B22344-6250-4D44-A64D-14CE6349C22A}"
EndProject
Global
	GlobalSection(SolutionConfigurationPlatforms) = preSolution
		Debug|Any CPU = Debug|Any CPU
		Release|Any CPU = Release|Any CPU
	EndGlobalSection
	GlobalSection(ProjectConfigurationPlatforms) = postSolution
		{B7B22344-6250-4D44-A64D-14CE6349C22A}.Debug|Any CPU.ActiveCfg = Debug|Any CPU
		{B7B22344-6250-4D44-A64D-14CE6349C22A}.Debug|Any CPU.Build.0 = Debug|Any CPU
		{B7B22344-6250-4D44-A64D-14CE6349C22A}.Release|Any CPU.ActiveCfg = Release|Any CPU
		{B7B22344-6250-4D44-A64D-14CE6349C22A}.Release|Any CPU.Build.0 = Release|Any CPU
	EndGlobalSection
	GlobalSection(SolutionProperties) = preSolution
		HideSolutionNode = FALSE
	EndGlobalSection
	GlobalSection(ExtensibilityGlobals) = postSolution
		SolutionGuid = {D8A96880-9541-418F-8E95-DA12DFFD45FC}
	EndGlobalSection
EndGlobal
